// !$*UTF8*$!
{
	archiveVersion = 1;
	classes = {
	};
	objectVersion = 46;
	objects = {

/* Begin PBXBuildFile section */
		AE6B71AE1DE22A3400074F64 /* AppDelegate.swift in Sources */ = {isa = PBXBuildFile; fileRef = AE6B71AD1DE22A3400074F64 /* AppDelegate.swift */; };
		AE6B71B01DE22A3400074F64 /* ViewController.swift in Sources */ = {isa = PBXBuildFile; fileRef = AE6B71AF1DE22A3400074F64 /* ViewController.swift */; };
		AE6B71B31DE22A3400074F64 /* Main.storyboard in Resources */ = {isa = PBXBuildFile; fileRef = AE6B71B11DE22A3400074F64 /* Main.storyboard */; };
		AE6B71B51DE22A3400074F64 /* Assets.xcassets in Resources */ = {isa = PBXBuildFile; fileRef = AE6B71B41DE22A3400074F64 /* Assets.xcassets */; };
		AE6B71B81DE22A3400074F64 /* LaunchScreen.storyboard in Resources */ = {isa = PBXBuildFile; fileRef = AE6B71B61DE22A3400074F64 /* LaunchScreen.storyboard */; };
		AE6B71C31DE22A3500074F64 /* IntransTests.swift in Sources */ = {isa = PBXBuildFile; fileRef = AE6B71C21DE22A3500074F64 /* IntransTests.swift */; };
		AE6B71CE1DE22A3500074F64 /* IntransUITests.swift in Sources */ = {isa = PBXBuildFile; fileRef = AE6B71CD1DE22A3500074F64 /* IntransUITests.swift */; };
		AE6B71DD1DE22A4B00074F64 /* CoreData.framework in Frameworks */ = {isa = PBXBuildFile; fileRef = AE6B71DC1DE22A4B00074F64 /* CoreData.framework */; };
		AE6B71DF1DE22A5300074F64 /* CoreGraphics.framework in Frameworks */ = {isa = PBXBuildFile; fileRef = AE6B71DE1DE22A5300074F64 /* CoreGraphics.framework */; };
		AE6B71E11DE22A5D00074F64 /* CoreLocation.framework in Frameworks */ = {isa = PBXBuildFile; fileRef = AE6B71E01DE22A5D00074F64 /* CoreLocation.framework */; };
		AE6B71E31DE22A6500074F64 /* GLKit.framework in Frameworks */ = {isa = PBXBuildFile; fileRef = AE6B71E21DE22A6500074F64 /* GLKit.framework */; };
		AE6B71E51DE22A6F00074F64 /* CoreText.framework in Frameworks */ = {isa = PBXBuildFile; fileRef = AE6B71E41DE22A6F00074F64 /* CoreText.framework */; };
		AE6B71E71DE22A7700074F64 /* ImageIO.framework in Frameworks */ = {isa = PBXBuildFile; fileRef = AE6B71E61DE22A7700074F64 /* ImageIO.framework */; };
		AE6B71E91DE22A8600074F64 /* OpenGLES.framework in Frameworks */ = {isa = PBXBuildFile; fileRef = AE6B71E81DE22A8600074F64 /* OpenGLES.framework */; };
		AE6B71EB1DE22A9900074F64 /* QuartzCore.framework in Frameworks */ = {isa = PBXBuildFile; fileRef = AE6B71EA1DE22A9900074F64 /* QuartzCore.framework */; };
		AE6B71ED1DE22AA000074F64 /* SystemConfiguration.framework in Frameworks */ = {isa = PBXBuildFile; fileRef = AE6B71EC1DE22AA000074F64 /* SystemConfiguration.framework */; };
		AE6B71EF1DE22AAF00074F64 /* UIKit.framework in Frameworks */ = {isa = PBXBuildFile; fileRef = AE6B71EE1DE22AAF00074F64 /* UIKit.framework */; };
		AE6B71F11DE22AB900074F64 /* Accelerate.framework in Frameworks */ = {isa = PBXBuildFile; fileRef = AE6B71F01DE22AB900074F64 /* Accelerate.framework */; };
		AE6B72111DE22D5500074F64 /* Alamofire.framework in Frameworks */ = {isa = PBXBuildFile; fileRef = AE6B72041DE22D3C00074F64 /* Alamofire.framework */; };
		AE6B72121DE22D5500074F64 /* Alamofire.framework in Embed Frameworks */ = {isa = PBXBuildFile; fileRef = AE6B72041DE22D3C00074F64 /* Alamofire.framework */; settings = {ATTRIBUTES = (CodeSignOnCopy, RemoveHeadersOnCopy, ); }; };
/* End PBXBuildFile section */

/* Begin PBXContainerItemProxy section */
		AE6B71BF1DE22A3500074F64 /* PBXContainerItemProxy */ = {
			isa = PBXContainerItemProxy;
			containerPortal = AE6B71A21DE22A3400074F64 /* Project object */;
			proxyType = 1;
			remoteGlobalIDString = AE6B71A91DE22A3400074F64;
			remoteInfo = Intrans;
		};
		AE6B71CA1DE22A3500074F64 /* PBXContainerItemProxy */ = {
			isa = PBXContainerItemProxy;
			containerPortal = AE6B71A21DE22A3400074F64 /* Project object */;
			proxyType = 1;
			remoteGlobalIDString = AE6B71A91DE22A3400074F64;
			remoteInfo = Intrans;
		};
		AE6B72031DE22D3C00074F64 /* PBXContainerItemProxy */ = {
			isa = PBXContainerItemProxy;
			containerPortal = AE6B71F81DE22D3C00074F64 /* Alamofire.xcodeproj */;
			proxyType = 2;
			remoteGlobalIDString = F8111E3319A95C8B0040E7D1;
			remoteInfo = "Alamofire iOS";
		};
		AE6B72051DE22D3C00074F64 /* PBXContainerItemProxy */ = {
			isa = PBXContainerItemProxy;
			containerPortal = AE6B71F81DE22D3C00074F64 /* Alamofire.xcodeproj */;
			proxyType = 2;
			remoteGlobalIDString = F8111E3E19A95C8B0040E7D1;
			remoteInfo = "Alamofire iOS Tests";
		};
		AE6B72071DE22D3C00074F64 /* PBXContainerItemProxy */ = {
			isa = PBXContainerItemProxy;
			containerPortal = AE6B71F81DE22D3C00074F64 /* Alamofire.xcodeproj */;
			proxyType = 2;
			remoteGlobalIDString = 4DD67C0B1A5C55C900ED2280;
			remoteInfo = "Alamofire OSX";
		};
		AE6B72091DE22D3C00074F64 /* PBXContainerItemProxy */ = {
			isa = PBXContainerItemProxy;
			containerPortal = AE6B71F81DE22D3C00074F64 /* Alamofire.xcodeproj */;
			proxyType = 2;
			remoteGlobalIDString = F829C6B21A7A94F100A2CD59;
			remoteInfo = "Alamofire OSX Tests";
		};
		AE6B720B1DE22D3C00074F64 /* PBXContainerItemProxy */ = {
			isa = PBXContainerItemProxy;
			containerPortal = AE6B71F81DE22D3C00074F64 /* Alamofire.xcodeproj */;
			proxyType = 2;
			remoteGlobalIDString = 4CF626EF1BA7CB3E0011A099;
			remoteInfo = "Alamofire tvOS";
		};
		AE6B720D1DE22D3C00074F64 /* PBXContainerItemProxy */ = {
			isa = PBXContainerItemProxy;
			containerPortal = AE6B71F81DE22D3C00074F64 /* Alamofire.xcodeproj */;
			proxyType = 2;
			remoteGlobalIDString = 4CF626F81BA7CB3E0011A099;
			remoteInfo = "Alamofire tvOS Tests";
		};
		AE6B720F1DE22D3C00074F64 /* PBXContainerItemProxy */ = {
			isa = PBXContainerItemProxy;
			containerPortal = AE6B71F81DE22D3C00074F64 /* Alamofire.xcodeproj */;
			proxyType = 2;
			remoteGlobalIDString = E4202FE01B667AA100C997FB;
			remoteInfo = "Alamofire watchOS";
		};
		AE6B72131DE22D5500074F64 /* PBXContainerItemProxy */ = {
			isa = PBXContainerItemProxy;
			containerPortal = AE6B71F81DE22D3C00074F64 /* Alamofire.xcodeproj */;
			proxyType = 1;
			remoteGlobalIDString = F8111E3219A95C8B0040E7D1;
			remoteInfo = "Alamofire iOS";
		};
/* End PBXContainerItemProxy section */

/* Begin PBXCopyFilesBuildPhase section */
		AE6B72151DE22D5500074F64 /* Embed Frameworks */ = {
			isa = PBXCopyFilesBuildPhase;
			buildActionMask = 2147483647;
			dstPath = "";
			dstSubfolderSpec = 10;
			files = (
				AE6B72121DE22D5500074F64 /* Alamofire.framework in Embed Frameworks */,
			);
			name = "Embed Frameworks";
			runOnlyForDeploymentPostprocessing = 0;
		};
/* End PBXCopyFilesBuildPhase section */

/* Begin PBXFileReference section */
		AE6B71AA1DE22A3400074F64 /* Intrans.app */ = {isa = PBXFileReference; explicitFileType = wrapper.application; includeInIndex = 0; path = Intrans.app; sourceTree = BUILT_PRODUCTS_DIR; };
		AE6B71AD1DE22A3400074F64 /* AppDelegate.swift */ = {isa = PBXFileReference; lastKnownFileType = sourcecode.swift; path = AppDelegate.swift; sourceTree = "<group>"; };
		AE6B71AF1DE22A3400074F64 /* ViewController.swift */ = {isa = PBXFileReference; lastKnownFileType = sourcecode.swift; path = ViewController.swift; sourceTree = "<group>"; };
		AE6B71B21DE22A3400074F64 /* Base */ = {isa = PBXFileReference; lastKnownFileType = file.storyboard; name = Base; path = Base.lproj/Main.storyboard; sourceTree = "<group>"; };
		AE6B71B41DE22A3400074F64 /* Assets.xcassets */ = {isa = PBXFileReference; lastKnownFileType = folder.assetcatalog; path = Assets.xcassets; sourceTree = "<group>"; };
		AE6B71B71DE22A3400074F64 /* Base */ = {isa = PBXFileReference; lastKnownFileType = file.storyboard; name = Base; path = Base.lproj/LaunchScreen.storyboard; sourceTree = "<group>"; };
		AE6B71B91DE22A3400074F64 /* Info.plist */ = {isa = PBXFileReference; lastKnownFileType = text.plist.xml; path = Info.plist; sourceTree = "<group>"; };
		AE6B71BE1DE22A3500074F64 /* IntransTests.xctest */ = {isa = PBXFileReference; explicitFileType = wrapper.cfbundle; includeInIndex = 0; path = IntransTests.xctest; sourceTree = BUILT_PRODUCTS_DIR; };
		AE6B71C21DE22A3500074F64 /* IntransTests.swift */ = {isa = PBXFileReference; lastKnownFileType = sourcecode.swift; path = IntransTests.swift; sourceTree = "<group>"; };
		AE6B71C41DE22A3500074F64 /* Info.plist */ = {isa = PBXFileReference; lastKnownFileType = text.plist.xml; path = Info.plist; sourceTree = "<group>"; };
		AE6B71C91DE22A3500074F64 /* IntransUITests.xctest */ = {isa = PBXFileReference; explicitFileType = wrapper.cfbundle; includeInIndex = 0; path = IntransUITests.xctest; sourceTree = BUILT_PRODUCTS_DIR; };
		AE6B71CD1DE22A3500074F64 /* IntransUITests.swift */ = {isa = PBXFileReference; lastKnownFileType = sourcecode.swift; path = IntransUITests.swift; sourceTree = "<group>"; };
		AE6B71CF1DE22A3500074F64 /* Info.plist */ = {isa = PBXFileReference; lastKnownFileType = text.plist.xml; path = Info.plist; sourceTree = "<group>"; };
		AE6B71DC1DE22A4B00074F64 /* CoreData.framework */ = {isa = PBXFileReference; lastKnownFileType = wrapper.framework; name = CoreData.framework; path = System/Library/Frameworks/CoreData.framework; sourceTree = SDKROOT; };
		AE6B71DE1DE22A5300074F64 /* CoreGraphics.framework */ = {isa = PBXFileReference; lastKnownFileType = wrapper.framework; name = CoreGraphics.framework; path = System/Library/Frameworks/CoreGraphics.framework; sourceTree = SDKROOT; };
		AE6B71E01DE22A5D00074F64 /* CoreLocation.framework */ = {isa = PBXFileReference; lastKnownFileType = wrapper.framework; name = CoreLocation.framework; path = System/Library/Frameworks/CoreLocation.framework; sourceTree = SDKROOT; };
		AE6B71E21DE22A6500074F64 /* GLKit.framework */ = {isa = PBXFileReference; lastKnownFileType = wrapper.framework; name = GLKit.framework; path = System/Library/Frameworks/GLKit.framework; sourceTree = SDKROOT; };
		AE6B71E41DE22A6F00074F64 /* CoreText.framework */ = {isa = PBXFileReference; lastKnownFileType = wrapper.framework; name = CoreText.framework; path = System/Library/Frameworks/CoreText.framework; sourceTree = SDKROOT; };
		AE6B71E61DE22A7700074F64 /* ImageIO.framework */ = {isa = PBXFileReference; lastKnownFileType = wrapper.framework; name = ImageIO.framework; path = System/Library/Frameworks/ImageIO.framework; sourceTree = SDKROOT; };
		AE6B71E81DE22A8600074F64 /* OpenGLES.framework */ = {isa = PBXFileReference; lastKnownFileType = wrapper.framework; name = OpenGLES.framework; path = System/Library/Frameworks/OpenGLES.framework; sourceTree = SDKROOT; };
		AE6B71EA1DE22A9900074F64 /* QuartzCore.framework */ = {isa = PBXFileReference; lastKnownFileType = wrapper.framework; name = QuartzCore.framework; path = System/Library/Frameworks/QuartzCore.framework; sourceTree = SDKROOT; };
		AE6B71EC1DE22AA000074F64 /* SystemConfiguration.framework */ = {isa = PBXFileReference; lastKnownFileType = wrapper.framework; name = SystemConfiguration.framework; path = System/Library/Frameworks/SystemConfiguration.framework; sourceTree = SDKROOT; };
		AE6B71EE1DE22AAF00074F64 /* UIKit.framework */ = {isa = PBXFileReference; lastKnownFileType = wrapper.framework; name = UIKit.framework; path = System/Library/Frameworks/UIKit.framework; sourceTree = SDKROOT; };
		AE6B71F01DE22AB900074F64 /* Accelerate.framework */ = {isa = PBXFileReference; lastKnownFileType = wrapper.framework; name = Accelerate.framework; path = System/Library/Frameworks/Accelerate.framework; sourceTree = SDKROOT; };
		AE6B71F21DE22C0300074F64 /* GoogleMapsBase.framework */ = {isa = PBXFileReference; lastKnownFileType = wrapper.framework; name = GoogleMapsBase.framework; path = "../../Downloads/5a212b0fa429156f-GoogleMaps-2.0.1/Subspecs/Base/Frameworks/GoogleMapsBase.framework"; sourceTree = "<group>"; };
		AE6B71F41DE22C3C00074F64 /* GoogleMaps.framework */ = {isa = PBXFileReference; lastKnownFileType = wrapper.framework; name = GoogleMaps.framework; path = "../../Downloads/5a212b0fa429156f-GoogleMaps-2.0.1/Subspecs/Maps/Frameworks/GoogleMaps.framework"; sourceTree = "<group>"; };
		AE6B71F61DE22C5300074F64 /* GoogleMapsCore.framework */ = {isa = PBXFileReference; lastKnownFileType = wrapper.framework; name = GoogleMapsCore.framework; path = "../../Downloads/5a212b0fa429156f-GoogleMaps-2.0.1/Subspecs/Maps/Frameworks/GoogleMapsCore.framework"; sourceTree = "<group>"; };
		AE6B71F81DE22D3C00074F64 /* Alamofire.xcodeproj */ = {isa = PBXFileReference; lastKnownFileType = "wrapper.pb-project"; name = Alamofire.xcodeproj; path = "../../Downloads/Alamofire-master/Alamofire.xcodeproj"; sourceTree = "<group>"; };
/* End PBXFileReference section */

/* Begin PBXFrameworksBuildPhase section */
		AE6B71A71DE22A3400074F64 /* Frameworks */ = {
			isa = PBXFrameworksBuildPhase;
			buildActionMask = 2147483647;
			files = (
				AE6B71F11DE22AB900074F64 /* Accelerate.framework in Frameworks */,
				AE6B71EF1DE22AAF00074F64 /* UIKit.framework in Frameworks */,
				AE6B71ED1DE22AA000074F64 /* SystemConfiguration.framework in Frameworks */,
				AE6B71EB1DE22A9900074F64 /* QuartzCore.framework in Frameworks */,
				AE6B71E91DE22A8600074F64 /* OpenGLES.framework in Frameworks */,
				AE6B71E71DE22A7700074F64 /* ImageIO.framework in Frameworks */,
				AE6B71E51DE22A6F00074F64 /* CoreText.framework in Frameworks */,
				AE6B71E31DE22A6500074F64 /* GLKit.framework in Frameworks */,
				AE6B71E11DE22A5D00074F64 /* CoreLocation.framework in Frameworks */,
				AE6B71DF1DE22A5300074F64 /* CoreGraphics.framework in Frameworks */,
				AE6B72111DE22D5500074F64 /* Alamofire.framework in Frameworks */,
				AE6B71DD1DE22A4B00074F64 /* CoreData.framework in Frameworks */,
			);
			runOnlyForDeploymentPostprocessing = 0;
		};
		AE6B71BB1DE22A3500074F64 /* Frameworks */ = {
			isa = PBXFrameworksBuildPhase;
			buildActionMask = 2147483647;
			files = (
			);
			runOnlyForDeploymentPostprocessing = 0;
		};
		AE6B71C61DE22A3500074F64 /* Frameworks */ = {
			isa = PBXFrameworksBuildPhase;
			buildActionMask = 2147483647;
			files = (
			);
			runOnlyForDeploymentPostprocessing = 0;
		};
/* End PBXFrameworksBuildPhase section */

/* Begin PBXGroup section */
		AE6B71A11DE22A3400074F64 = {
			isa = PBXGroup;
			children = (
				AE6B71F81DE22D3C00074F64 /* Alamofire.xcodeproj */,
				AE6B71AC1DE22A3400074F64 /* Intrans */,
				AE6B71C11DE22A3500074F64 /* IntransTests */,
				AE6B71CC1DE22A3500074F64 /* IntransUITests */,
				AE6B71AB1DE22A3400074F64 /* Products */,
				AE6B71DB1DE22A4B00074F64 /* Frameworks */,
			);
			sourceTree = "<group>";
		};
		AE6B71AB1DE22A3400074F64 /* Products */ = {
			isa = PBXGroup;
			children = (
				AE6B71AA1DE22A3400074F64 /* Intrans.app */,
				AE6B71BE1DE22A3500074F64 /* IntransTests.xctest */,
				AE6B71C91DE22A3500074F64 /* IntransUITests.xctest */,
			);
			name = Products;
			sourceTree = "<group>";
		};
		AE6B71AC1DE22A3400074F64 /* Intrans */ = {
			isa = PBXGroup;
			children = (
				AE6B71AD1DE22A3400074F64 /* AppDelegate.swift */,
				AE6B71AF1DE22A3400074F64 /* ViewController.swift */,
				AE6B71B11DE22A3400074F64 /* Main.storyboard */,
				AE6B71B41DE22A3400074F64 /* Assets.xcassets */,
				AE6B71B61DE22A3400074F64 /* LaunchScreen.storyboard */,
				AE6B71B91DE22A3400074F64 /* Info.plist */,
			);
			path = Intrans;
			sourceTree = "<group>";
		};
		AE6B71C11DE22A3500074F64 /* IntransTests */ = {
			isa = PBXGroup;
			children = (
				AE6B71C21DE22A3500074F64 /* IntransTests.swift */,
				AE6B71C41DE22A3500074F64 /* Info.plist */,
			);
			path = IntransTests;
			sourceTree = "<group>";
		};
		AE6B71CC1DE22A3500074F64 /* IntransUITests */ = {
			isa = PBXGroup;
			children = (
				AE6B71CD1DE22A3500074F64 /* IntransUITests.swift */,
				AE6B71CF1DE22A3500074F64 /* Info.plist */,
			);
			path = IntransUITests;
			sourceTree = "<group>";
		};
		AE6B71DB1DE22A4B00074F64 /* Frameworks */ = {
			isa = PBXGroup;
			children = (
				AE6B71F61DE22C5300074F64 /* GoogleMapsCore.framework */,
				AE6B71F41DE22C3C00074F64 /* GoogleMaps.framework */,
				AE6B71F21DE22C0300074F64 /* GoogleMapsBase.framework */,
				AE6B71F01DE22AB900074F64 /* Accelerate.framework */,
				AE6B71EE1DE22AAF00074F64 /* UIKit.framework */,
				AE6B71EC1DE22AA000074F64 /* SystemConfiguration.framework */,
				AE6B71EA1DE22A9900074F64 /* QuartzCore.framework */,
				AE6B71E81DE22A8600074F64 /* OpenGLES.framework */,
				AE6B71E61DE22A7700074F64 /* ImageIO.framework */,
				AE6B71E41DE22A6F00074F64 /* CoreText.framework */,
				AE6B71E21DE22A6500074F64 /* GLKit.framework */,
				AE6B71E01DE22A5D00074F64 /* CoreLocation.framework */,
				AE6B71DE1DE22A5300074F64 /* CoreGraphics.framework */,
				AE6B71DC1DE22A4B00074F64 /* CoreData.framework */,
			);
			name = Frameworks;
			sourceTree = "<group>";
		};
		AE6B71F91DE22D3C00074F64 /* Products */ = {
			isa = PBXGroup;
			children = (
				AE6B72041DE22D3C00074F64 /* Alamofire.framework */,
				AE6B72061DE22D3C00074F64 /* Alamofire iOS Tests.xctest */,
				AE6B72081DE22D3C00074F64 /* Alamofire.framework */,
				AE6B720A1DE22D3C00074F64 /* Alamofire OSX Tests.xctest */,
				AE6B720C1DE22D3C00074F64 /* Alamofire.framework */,
				AE6B720E1DE22D3C00074F64 /* Alamofire tvOS Tests.xctest */,
				AE6B72101DE22D3C00074F64 /* Alamofire.framework */,
			);
			name = Products;
			sourceTree = "<group>";
		};
/* End PBXGroup section */

/* Begin PBXNativeTarget section */
		AE6B71A91DE22A3400074F64 /* Intrans */ = {
			isa = PBXNativeTarget;
			buildConfigurationList = AE6B71D21DE22A3500074F64 /* Build configuration list for PBXNativeTarget "Intrans" */;
			buildPhases = (
				AE6B71A61DE22A3400074F64 /* Sources */,
				AE6B71A71DE22A3400074F64 /* Frameworks */,
				AE6B71A81DE22A3400074F64 /* Resources */,
				AE6B72151DE22D5500074F64 /* Embed Frameworks */,
			);
			buildRules = (
			);
			dependencies = (
				AE6B72141DE22D5500074F64 /* PBXTargetDependency */,
			);
			name = Intrans;
			productName = Intrans;
			productReference = AE6B71AA1DE22A3400074F64 /* Intrans.app */;
			productType = "com.apple.product-type.application";
		};
		AE6B71BD1DE22A3500074F64 /* IntransTests */ = {
			isa = PBXNativeTarget;
			buildConfigurationList = AE6B71D51DE22A3500074F64 /* Build configuration list for PBXNativeTarget "IntransTests" */;
			buildPhases = (
				AE6B71BA1DE22A3500074F64 /* Sources */,
				AE6B71BB1DE22A3500074F64 /* Frameworks */,
				AE6B71BC1DE22A3500074F64 /* Resources */,
			);
			buildRules = (
			);
			dependencies = (
				AE6B71C01DE22A3500074F64 /* PBXTargetDependency */,
			);
			name = IntransTests;
			productName = IntransTests;
			productReference = AE6B71BE1DE22A3500074F64 /* IntransTests.xctest */;
			productType = "com.apple.product-type.bundle.unit-test";
		};
		AE6B71C81DE22A3500074F64 /* IntransUITests */ = {
			isa = PBXNativeTarget;
			buildConfigurationList = AE6B71D81DE22A3500074F64 /* Build configuration list for PBXNativeTarget "IntransUITests" */;
			buildPhases = (
				AE6B71C51DE22A3500074F64 /* Sources */,
				AE6B71C61DE22A3500074F64 /* Frameworks */,
				AE6B71C71DE22A3500074F64 /* Resources */,
			);
			buildRules = (
			);
			dependencies = (
				AE6B71CB1DE22A3500074F64 /* PBXTargetDependency */,
			);
			name = IntransUITests;
			productName = IntransUITests;
			productReference = AE6B71C91DE22A3500074F64 /* IntransUITests.xctest */;
			productType = "com.apple.product-type.bundle.ui-testing";
		};
/* End PBXNativeTarget section */

/* Begin PBXProject section */
		AE6B71A21DE22A3400074F64 /* Project object */ = {
			isa = PBXProject;
			attributes = {
				LastSwiftUpdateCheck = 0800;
				LastUpgradeCheck = 0800;
				ORGANIZATIONNAME = "JAYA REAL PROPERTY, PT TBK";
				TargetAttributes = {
					AE6B71A91DE22A3400074F64 = {
						CreatedOnToolsVersion = 8.0;
						DevelopmentTeam = LT5EQT97YY;
						ProvisioningStyle = Automatic;
					};
					AE6B71BD1DE22A3500074F64 = {
						CreatedOnToolsVersion = 8.0;
						DevelopmentTeam = LT5EQT97YY;
						ProvisioningStyle = Automatic;
						TestTargetID = AE6B71A91DE22A3400074F64;
					};
					AE6B71C81DE22A3500074F64 = {
						CreatedOnToolsVersion = 8.0;
						DevelopmentTeam = LT5EQT97YY;
						ProvisioningStyle = Automatic;
						TestTargetID = AE6B71A91DE22A3400074F64;
					};
				};
			};
			buildConfigurationList = AE6B71A51DE22A3400074F64 /* Build configuration list for PBXProject "Intrans" */;
			compatibilityVersion = "Xcode 3.2";
			developmentRegion = English;
			hasScannedForEncodings = 0;
			knownRegions = (
				en,
				Base,
			);
			mainGroup = AE6B71A11DE22A3400074F64;
			productRefGroup = AE6B71AB1DE22A3400074F64 /* Products */;
			projectDirPath = "";
			projectReferences = (
				{
					ProductGroup = AE6B71F91DE22D3C00074F64 /* Products */;
					ProjectRef = AE6B71F81DE22D3C00074F64 /* Alamofire.xcodeproj */;
				},
			);
			projectRoot = "";
			targets = (
				AE6B71A91DE22A3400074F64 /* Intrans */,
				AE6B71BD1DE22A3500074F64 /* IntransTests */,
				AE6B71C81DE22A3500074F64 /* IntransUITests */,
			);
		};
/* End PBXProject section */

/* Begin PBXReferenceProxy section */
		AE6B72041DE22D3C00074F64 /* Alamofire.framework */ = {
			isa = PBXReferenceProxy;
			fileType = wrapper.framework;
			path = Alamofire.framework;
			remoteRef = AE6B72031DE22D3C00074F64 /* PBXContainerItemProxy */;
			sourceTree = BUILT_PRODUCTS_DIR;
		};
		AE6B72061DE22D3C00074F64 /* Alamofire iOS Tests.xctest */ = {
			isa = PBXReferenceProxy;
			fileType = wrapper.cfbundle;
			path = "Alamofire iOS Tests.xctest";
			remoteRef = AE6B72051DE22D3C00074F64 /* PBXContainerItemProxy */;
			sourceTree = BUILT_PRODUCTS_DIR;
		};
		AE6B72081DE22D3C00074F64 /* Alamofire.framework */ = {
			isa = PBXReferenceProxy;
			fileType = wrapper.framework;
			path = Alamofire.framework;
			remoteRef = AE6B72071DE22D3C00074F64 /* PBXContainerItemProxy */;
			sourceTree = BUILT_PRODUCTS_DIR;
		};
		AE6B720A1DE22D3C00074F64 /* Alamofire OSX Tests.xctest */ = {
			isa = PBXReferenceProxy;
			fileType = wrapper.cfbundle;
			path = "Alamofire OSX Tests.xctest";
			remoteRef = AE6B72091DE22D3C00074F64 /* PBXContainerItemProxy */;
			sourceTree = BUILT_PRODUCTS_DIR;
		};
		AE6B720C1DE22D3C00074F64 /* Alamofire.framework */ = {
			isa = PBXReferenceProxy;
			fileType = wrapper.framework;
			path = Alamofire.framework;
			remoteRef = AE6B720B1DE22D3C00074F64 /* PBXContainerItemProxy */;
			sourceTree = BUILT_PRODUCTS_DIR;
		};
		AE6B720E1DE22D3C00074F64 /* Alamofire tvOS Tests.xctest */ = {
			isa = PBXReferenceProxy;
			fileType = wrapper.cfbundle;
			path = "Alamofire tvOS Tests.xctest";
			remoteRef = AE6B720D1DE22D3C00074F64 /* PBXContainerItemProxy */;
			sourceTree = BUILT_PRODUCTS_DIR;
		};
		AE6B72101DE22D3C00074F64 /* Alamofire.framework */ = {
			isa = PBXReferenceProxy;
			fileType = wrapper.framework;
			path = Alamofire.framework;
			remoteRef = AE6B720F1DE22D3C00074F64 /* PBXContainerItemProxy */;
			sourceTree = BUILT_PRODUCTS_DIR;
		};
/* End PBXReferenceProxy section */

/* Begin PBXResourcesBuildPhase section */
		AE6B71A81DE22A3400074F64 /* Resources */ = {
			isa = PBXResourcesBuildPhase;
			buildActionMask = 2147483647;
			files = (
				AE6B71B81DE22A3400074F64 /* LaunchScreen.storyboard in Resources */,
				AE6B71B51DE22A3400074F64 /* Assets.xcassets in Resources */,
				AE6B71B31DE22A3400074F64 /* Main.storyboard in Resources */,
			);
			runOnlyForDeploymentPostprocessing = 0;
		};
		AE6B71BC1DE22A3500074F64 /* Resources */ = {
			isa = PBXResourcesBuildPhase;
			buildActionMask = 2147483647;
			files = (
			);
			runOnlyForDeploymentPostprocessing = 0;
		};
		AE6B71C71DE22A3500074F64 /* Resources */ = {
			isa = PBXResourcesBuildPhase;
			buildActionMask = 2147483647;
			files = (
			);
			runOnlyForDeploymentPostprocessing = 0;
		};
/* End PBXResourcesBuildPhase section */

/* Begin PBXSourcesBuildPhase section */
		AE6B71A61DE22A3400074F64 /* Sources */ = {
			isa = PBXSourcesBuildPhase;
			buildActionMask = 2147483647;
			files = (
				AE6B71B01DE22A3400074F64 /* ViewController.swift in Sources */,
				AE6B71AE1DE22A3400074F64 /* AppDelegate.swift in Sources */,
			);
			runOnlyForDeploymentPostprocessing = 0;
		};
		AE6B71BA1DE22A3500074F64 /* Sources */ = {
			isa = PBXSourcesBuildPhase;
			buildActionMask = 2147483647;
			files = (
				AE6B71C31DE22A3500074F64 /* IntransTests.swift in Sources */,
			);
			runOnlyForDeploymentPostprocessing = 0;
		};
		AE6B71C51DE22A3500074F64 /* Sources */ = {
			isa = PBXSourcesBuildPhase;
			buildActionMask = 2147483647;
			files = (
				AE6B71CE1DE22A3500074F64 /* IntransUITests.swift in Sources */,
			);
			runOnlyForDeploymentPostprocessing = 0;
		};
/* End PBXSourcesBuildPhase section */

/* Begin PBXTargetDependency section */
		AE6B71C01DE22A3500074F64 /* PBXTargetDependency */ = {
			isa = PBXTargetDependency;
			target = AE6B71A91DE22A3400074F64 /* Intrans */;
			targetProxy = AE6B71BF1DE22A3500074F64 /* PBXContainerItemProxy */;
		};
		AE6B71CB1DE22A3500074F64 /* PBXTargetDependency */ = {
			isa = PBXTargetDependency;
			target = AE6B71A91DE22A3400074F64 /* Intrans */;
			targetProxy = AE6B71CA1DE22A3500074F64 /* PBXContainerItemProxy */;
		};
		AE6B72141DE22D5500074F64 /* PBXTargetDependency */ = {
			isa = PBXTargetDependency;
			name = "Alamofire iOS";
			targetProxy = AE6B72131DE22D5500074F64 /* PBXContainerItemProxy */;
		};
/* End PBXTargetDependency section */

/* Begin PBXVariantGroup section */
		AE6B71B11DE22A3400074F64 /* Main.storyboard */ = {
			isa = PBXVariantGroup;
			children = (
				AE6B71B21DE22A3400074F64 /* Base */,
			);
			name = Main.storyboard;
			sourceTree = "<group>";
		};
		AE6B71B61DE22A3400074F64 /* LaunchScreen.storyboard */ = {
			isa = PBXVariantGroup;
			children = (
				AE6B71B71DE22A3400074F64 /* Base */,
			);
			name = LaunchScreen.storyboard;
			sourceTree = "<group>";
		};
/* End PBXVariantGroup section */

/* Begin XCBuildConfiguration section */
		AE6B71D01DE22A3500074F64 /* Debug */ = {
			isa = XCBuildConfiguration;
			buildSettings = {
				ALWAYS_SEARCH_USER_PATHS = NO;
				CLANG_ANALYZER_NONNULL = YES;
				CLANG_CXX_LANGUAGE_STANDARD = "gnu++0x";
				CLANG_CXX_LIBRARY = "libc++";
				CLANG_ENABLE_MODULES = YES;
				CLANG_ENABLE_OBJC_ARC = YES;
				CLANG_WARN_BOOL_CONVERSION = YES;
				CLANG_WARN_CONSTANT_CONVERSION = YES;
				CLANG_WARN_DIRECT_OBJC_ISA_USAGE = YES_ERROR;
				CLANG_WARN_DOCUMENTATION_COMMENTS = YES;
				CLANG_WARN_EMPTY_BODY = YES;
				CLANG_WARN_ENUM_CONVERSION = YES;
				CLANG_WARN_INFINITE_RECURSION = YES;
				CLANG_WARN_INT_CONVERSION = YES;
				CLANG_WARN_OBJC_ROOT_CLASS = YES_ERROR;
				CLANG_WARN_SUSPICIOUS_MOVES = YES;
				CLANG_WARN_UNREACHABLE_CODE = YES;
				CLANG_WARN__DUPLICATE_METHOD_MATCH = YES;
				"CODE_SIGN_IDENTITY[sdk=iphoneos*]" = "iPhone Developer";
				COPY_PHASE_STRIP = NO;
				DEBUG_INFORMATION_FORMAT = dwarf;
				ENABLE_STRICT_OBJC_MSGSEND = YES;
				ENABLE_TESTABILITY = YES;
				GCC_C_LANGUAGE_STANDARD = gnu99;
				GCC_DYNAMIC_NO_PIC = NO;
				GCC_NO_COMMON_BLOCKS = YES;
				GCC_OPTIMIZATION_LEVEL = 0;
				GCC_PREPROCESSOR_DEFINITIONS = (
					"DEBUG=1",
					"$(inherited)",
				);
				GCC_WARN_64_TO_32_BIT_CONVERSION = YES;
				GCC_WARN_ABOUT_RETURN_TYPE = YES_ERROR;
				GCC_WARN_UNDECLARED_SELECTOR = YES;
				GCC_WARN_UNINITIALIZED_AUTOS = YES_AGGRESSIVE;
				GCC_WARN_UNUSED_FUNCTION = YES;
				GCC_WARN_UNUSED_VARIABLE = YES;
				IPHONEOS_DEPLOYMENT_TARGET = 10.0;
				MTL_ENABLE_DEBUG_INFO = YES;
				ONLY_ACTIVE_ARCH = YES;
				SDKROOT = iphoneos;
				SWIFT_ACTIVE_COMPILATION_CONDITIONS = DEBUG;
				SWIFT_OPTIMIZATION_LEVEL = "-Onone";
				TARGETED_DEVICE_FAMILY = "1,2";
			};
			name = Debug;
		};
		AE6B71D11DE22A3500074F64 /* Release */ = {
			isa = XCBuildConfiguration;
			buildSettings = {
				ALWAYS_SEARCH_USER_PATHS = NO;
				CLANG_ANALYZER_NONNULL = YES;
				CLANG_CXX_LANGUAGE_STANDARD = "gnu++0x";
				CLANG_CXX_LIBRARY = "libc++";
				CLANG_ENABLE_MODULES = YES;
				CLANG_ENABLE_OBJC_ARC = YES;
				CLANG_WARN_BOOL_CONVERSION = YES;
				CLANG_WARN_CONSTANT_CONVERSION = YES;
				CLANG_WARN_DIRECT_OBJC_ISA_USAGE = YES_ERROR;
				CLANG_WARN_DOCUMENTATION_COMMENTS = YES;
				CLANG_WARN_EMPTY_BODY = YES;
				CLANG_WARN_ENUM_CONVERSION = YES;
				CLANG_WARN_INFINITE_RECURSION = YES;
				CLANG_WARN_INT_CONVERSION = YES;
				CLANG_WARN_OBJC_ROOT_CLASS = YES_ERROR;
				CLANG_WARN_SUSPICIOUS_MOVES = YES;
				CLANG_WARN_UNREACHABLE_CODE = YES;
				CLANG_WARN__DUPLICATE_METHOD_MATCH = YES;
				"CODE_SIGN_IDENTITY[sdk=iphoneos*]" = "iPhone Developer";
				COPY_PHASE_STRIP = NO;
				DEBUG_INFORMATION_FORMAT = "dwarf-with-dsym";
				ENABLE_NS_ASSERTIONS = NO;
				ENABLE_STRICT_OBJC_MSGSEND = YES;
				GCC_C_LANGUAGE_STANDARD = gnu99;
				GCC_NO_COMMON_BLOCKS = YES;
				GCC_WARN_64_TO_32_BIT_CONVERSION = YES;
				GCC_WARN_ABOUT_RETURN_TYPE = YES_ERROR;
				GCC_WARN_UNDECLARED_SELECTOR = YES;
				GCC_WARN_UNINITIALIZED_AUTOS = YES_AGGRESSIVE;
				GCC_WARN_UNUSED_FUNCTION = YES;
				GCC_WARN_UNUSED_VARIABLE = YES;
				IPHONEOS_DEPLOYMENT_TARGET = 10.0;
				MTL_ENABLE_DEBUG_INFO = NO;
				SDKROOT = iphoneos;
				SWIFT_OPTIMIZATION_LEVEL = "-Owholemodule";
				TARGETED_DEVICE_FAMILY = "1,2";
				VALIDATE_PRODUCT = YES;
			};
			name = Release;
		};
		AE6B71D31DE22A3500074F64 /* Debug */ = {
			isa = XCBuildConfiguration;
			buildSettings = {
				ALWAYS_EMBED_SWIFT_STANDARD_LIBRARIES = YES;
				ASSETCATALOG_COMPILER_APPICON_NAME = AppIcon;
				DEVELOPMENT_TEAM = LT5EQT97YY;
				INFOPLIST_FILE = Intrans/Info.plist;
				IPHONEOS_DEPLOYMENT_TARGET = 9.3;
				LD_RUNPATH_SEARCH_PATHS = "$(inherited) @executable_path/Frameworks";
				PRODUCT_BUNDLE_IDENTIFIER = gus.siptracker.Intrans;
				PRODUCT_NAME = "$(TARGET_NAME)";
				SWIFT_VERSION = 3.0;
			};
			name = Debug;
		};
		AE6B71D41DE22A3500074F64 /* Release */ = {
			isa = XCBuildConfiguration;
			buildSettings = {
				ALWAYS_EMBED_SWIFT_STANDARD_LIBRARIES = YES;
				ASSETCATALOG_COMPILER_APPICON_NAME = AppIcon;
				DEVELOPMENT_TEAM = LT5EQT97YY;
				INFOPLIST_FILE = Intrans/Info.plist;
				IPHONEOS_DEPLOYMENT_TARGET = 9.3;
				LD_RUNPATH_SEARCH_PATHS = "$(inherited) @executable_path/Frameworks";
				PRODUCT_BUNDLE_IDENTIFIER = gus.siptracker.Intrans;
				PRODUCT_NAME = "$(TARGET_NAME)";
				SWIFT_VERSION = 3.0;
			};
			name = Release;
		};
		AE6B71D61DE22A3500074F64 /* Debug */ = {
			isa = XCBuildConfiguration;
			buildSettings = {
				ALWAYS_EMBED_SWIFT_STANDARD_LIBRARIES = YES;
				BUNDLE_LOADER = "$(TEST_HOST)";
				DEVELOPMENT_TEAM = LT5EQT97YY;
				INFOPLIST_FILE = IntransTests/Info.plist;
				LD_RUNPATH_SEARCH_PATHS = "$(inherited) @executable_path/Frameworks @loader_path/Frameworks";
				PRODUCT_BUNDLE_IDENTIFIER = gus.siptracker.IntransTests;
				PRODUCT_NAME = "$(TARGET_NAME)";
				SWIFT_VERSION = 3.0;
				TEST_HOST = "$(BUILT_PRODUCTS_DIR)/Intrans.app/Intrans";
			};
			name = Debug;
		};
		AE6B71D71DE22A3500074F64 /* Release */ = {
			isa = XCBuildConfiguration;
			buildSettings = {
				ALWAYS_EMBED_SWIFT_STANDARD_LIBRARIES = YES;
				BUNDLE_LOADER = "$(TEST_HOST)";
				DEVELOPMENT_TEAM = LT5EQT97YY;
				INFOPLIST_FILE = IntransTests/Info.plist;
				LD_RUNPATH_SEARCH_PATHS = "$(inherited) @executable_path/Frameworks @loader_path/Frameworks";
				PRODUCT_BUNDLE_IDENTIFIER = gus.siptracker.IntransTests;
				PRODUCT_NAME = "$(TARGET_NAME)";
				SWIFT_VERSION = 3.0;
				TEST_HOST = "$(BUILT_PRODUCTS_DIR)/Intrans.app/Intrans";
			};
			name = Release;
		};
		AE6B71D91DE22A3500074F64 /* Debug */ = {
			isa = XCBuildConfiguration;
			buildSettings = {
				ALWAYS_EMBED_SWIFT_STANDARD_LIBRARIES = YES;
				DEVELOPMENT_TEAM = LT5EQT97YY;
				INFOPLIST_FILE = IntransUITests/Info.plist;
				LD_RUNPATH_SEARCH_PATHS = "$(inherited) @executable_path/Frameworks @loader_path/Frameworks";
				PRODUCT_BUNDLE_IDENTIFIER = gus.siptracker.IntransUITests;
				PRODUCT_NAME = "$(TARGET_NAME)";
				SWIFT_VERSION = 3.0;
				TEST_TARGET_NAME = Intrans;
			};
			name = Debug;
		};
		AE6B71DA1DE22A3500074F64 /* Release */ = {
			isa = XCBuildConfiguration;
			buildSettings = {
				ALWAYS_EMBED_SWIFT_STANDARD_LIBRARIES = YES;
				DEVELOPMENT_TEAM = LT5EQT97YY;
				INFOPLIST_FILE = IntransUITests/Info.plist;
				LD_RUNPATH_SEARCH_PATHS = "$(inherited) @executable_path/Frameworks @loader_path/Frameworks";
				PRODUCT_BUNDLE_IDENTIFIER = gus.siptracker.IntransUITests;
				PRODUCT_NAME = "$(TARGET_NAME)";
				SWIFT_VERSION = 3.0;
				TEST_TARGET_NAME = Intrans;
			};
			name = Release;
		};
/* End XCBuildConfiguration section */

/* Begin XCConfigurationList section */
		AE6B71A51DE22A3400074F64 /* Build configuration list for PBXProject "Intrans" */ = {
			isa = XCConfigurationList;
			buildConfigurations = (
				AE6B71D01DE22A3500074F64 /* Debug */,
				AE6B71D11DE22A3500074F64 /* Release */,
			);
			defaultConfigurationIsVisible = 0;
			defaultConfigurationName = Release;
		};
		AE6B71D21DE22A3500074F64 /* Build configuration list for PBXNativeTarget "Intrans" */ = {
			isa = XCConfigurationList;
			buildConfigurations = (
				AE6B71D31DE22A3500074F64 /* Debug */,
				AE6B71D41DE22A3500074F64 /* Release */,
			);
			defaultConfigurationIsVisible = 0;
		};
		AE6B71D51DE22A3500074F64 /* Build configuration list for PBXNativeTarget "IntransTests" */ = {
			isa = XCConfigurationList;
			buildConfigurations = (
				AE6B71D61DE22A3500074F64 /* Debug */,
				AE6B71D71DE22A3500074F64 /* Release */,
			);
			defaultConfigurationIsVisible = 0;
		};
		AE6B71D81DE22A3500074F64 /* Build configuration list for PBXNativeTarget "IntransUITests" */ = {
			isa = XCConfigurationList;
			buildConfigurations = (
				AE6B71D91DE22A3500074F64 /* Debug */,
				AE6B71DA1DE22A3500074F64 /* Release */,
			);
			defaultConfigurationIsVisible = 0;
		};
/* End XCConfigurationList section */
	};
	rootObject = AE6B71A21DE22A3400074F64 /* Project object */;
}
