// !$*UTF8*$!
{
	archiveVersion = 1;
	classes = {
	};
	objectVersion = 46;
	objects = {

/* Begin PBXBuildFile section */
		AE6B71AE1DE22A3400074F64 /* AppDelegate.swift in Sources */ = {isa = PBXBuildFile; fileRef = AE6B71AD1DE22A3400074F64 /* AppDelegate.swift */; };
		AE6B71B01DE22A3400074F64 /* ViewController.swift in Sources */ = {isa = PBXBuildFile; fileRef = AE6B71AF1DE22A3400074F64 /* ViewController.swift */; };
		AE6B71B31DE22A3400074F64 /* Main.storyboard in Resources */ = {isa = PBXBuildFile; fileRef = AE6B71B11DE22A3400074F64 /* Main.storyboard */; };
		AE6B71B51DE22A3400074F64 /* Assets.xcassets in Resources */ = {isa = PBXBuildFile; fileRef = AE6B71B41DE22A3400074F64 /* Assets.xcassets */; };
		AE6B71B81DE22A3400074F64 /* LaunchScreen.storyboard in Resources */ = {isa = PBXBuildFile; fileRef = AE6B71B61DE22A3400074F64 /* LaunchScreen.storyboard */; };
		AE6B71C31DE22A3500074F64 /* IntransTests.swift in Sources */ = {isa = PBXBuildFile; fileRef = AE6B71C21DE22A3500074F64 /* IntransTests.swift */; };
		AE6B71CE1DE22A3500074F64 /* IntransUITests.swift in Sources */ = {isa = PBXBuildFile; fileRef = AE6B71CD1DE22A3500074F64 /* IntransUITests.swift */; };
/* End PBXBuildFile section */

/* Begin PBXContainerItemProxy section */
		AE6B71BF1DE22A3500074F64 /* PBXContainerItemProxy */ = {
			isa = PBXContainerItemProxy;
			containerPortal = AE6B71A21DE22A3400074F64 /* Project object */;
			proxyType = 1;
			remoteGlobalIDString = AE6B71A91DE22A3400074F64;
			remoteInfo = Intrans;
		};
		AE6B71CA1DE22A3500074F64 /* PBXContainerItemProxy */ = {
			isa = PBXContainerItemProxy;
			containerPortal = AE6B71A21DE22A3400074F64 /* Project object */;
			proxyType = 1;
			remoteGlobalIDString = AE6B71A91DE22A3400074F64;
			remoteInfo = Intrans;
		};
/* End PBXContainerItemProxy section */

/* Begin PBXFileReference section */
		AE6B71AA1DE22A3400074F64 /* Intrans.app */ = {isa = PBXFileReference; explicitFileType = wrapper.application; includeInIndex = 0; path = Intrans.app; sourceTree = BUILT_PRODUCTS_DIR; };
		AE6B71AD1DE22A3400074F64 /* AppDelegate.swift */ = {isa = PBXFileReference; lastKnownFileType = sourcecode.swift; path = AppDelegate.swift; sourceTree = "<group>"; };
		AE6B71AF1DE22A3400074F64 /* ViewController.swift */ = {isa = PBXFileReference; lastKnownFileType = sourcecode.swift; path = ViewController.swift; sourceTree = "<group>"; };
		AE6B71B21DE22A3400074F64 /* Base */ = {isa = PBXFileReference; lastKnownFileType = file.storyboard; name = Base; path = Base.lproj/Main.storyboard; sourceTree = "<group>"; };
		AE6B71B41DE22A3400074F64 /* Assets.xcassets */ = {isa = PBXFileReference; lastKnownFileType = folder.assetcatalog; path = Assets.xcassets; sourceTree = "<group>"; };
		AE6B71B71DE22A3400074F64 /* Base */ = {isa = PBXFileReference; lastKnownFileType = file.storyboard; name = Base; path = Base.lproj/LaunchScreen.storyboard; sourceTree = "<group>"; };
		AE6B71B91DE22A3400074F64 /* Info.plist */ = {isa = PBXFileReference; lastKnownFileType = text.plist.xml; path = Info.plist; sourceTree = "<group>"; };
		AE6B71BE1DE22A3500074F64 /* IntransTests.xctest */ = {isa = PBXFileReference; explicitFileType = wrapper.cfbundle; includeInIndex = 0; path = IntransTests.xctest; sourceTree = BUILT_PRODUCTS_DIR; };
		AE6B71C21DE22A3500074F64 /* IntransTests.swift */ = {isa = PBXFileReference; lastKnownFileType = sourcecode.swift; path = IntransTests.swift; sourceTree = "<group>"; };
		AE6B71C41DE22A3500074F64 /* Info.plist */ = {isa = PBXFileReference; lastKnownFileType = text.plist.xml; path = Info.plist; sourceTree = "<group>"; };
		AE6B71C91DE22A3500074F64 /* IntransUITests.xctest */ = {isa = PBXFileReference; explicitFileType = wrapper.cfbundle; includeInIndex = 0; path = IntransUITests.xctest; sourceTree = BUILT_PRODUCTS_DIR; };
		AE6B71CD1DE22A3500074F64 /* IntransUITests.swift */ = {isa = PBXFileReference; lastKnownFileType = sourcecode.swift; path = IntransUITests.swift; sourceTree = "<group>"; };
		AE6B71CF1DE22A3500074F64 /* Info.plist */ = {isa = PBXFileReference; lastKnownFileType = text.plist.xml; path = Info.plist; sourceTree = "<group>"; };
/* End PBXFileReference section */

/* Begin PBXFrameworksBuildPhase section */
		AE6B71A71DE22A3400074F64 /* Frameworks */ = {
			isa = PBXFrameworksBuildPhase;
			buildActionMask = 2147483647;
			files = (
			);
			runOnlyForDeploymentPostprocessing = 0;
		};
		AE6B71BB1DE22A3500074F64 /* Frameworks */ = {
			isa = PBXFrameworksBuildPhase;
			buildActionMask = 2147483647;
			files = (
			);
			runOnlyForDeploymentPostprocessing = 0;
		};
		AE6B71C61DE22A3500074F64 /* Frameworks */ = {
			isa = PBXFrameworksBuildPhase;
			buildActionMask = 2147483647;
			files = (
			);
			runOnlyForDeploymentPostprocessing = 0;
		};
/* End PBXFrameworksBuildPhase section */

/* Begin PBXGroup section */
		AE6B71A11DE22A3400074F64 = {
			isa = PBXGroup;
			children = (
				AE6B71AC1DE22A3400074F64 /* Intrans */,
				AE6B71C11DE22A3500074F64 /* IntransTests */,
				AE6B71CC1DE22A3500074F64 /* IntransUITests */,
				AE6B71AB1DE22A3400074F64 /* Products */,
			);
			sourceTree = "<group>";
		};
		AE6B71AB1DE22A3400074F64 /* Products */ = {
			isa = PBXGroup;
			children = (
				AE6B71AA1DE22A3400074F64 /* Intrans.app */,
				AE6B71BE1DE22A3500074F64 /* IntransTests.xctest */,
				AE6B71C91DE22A3500074F64 /* IntransUITests.xctest */,
			);
			name = Products;
			sourceTree = "<group>";
		};
		AE6B71AC1DE22A3400074F64 /* Intrans */ = {
			isa = PBXGroup;
			children = (
				AE6B71AD1DE22A3400074F64 /* AppDelegate.swift */,
				AE6B71AF1DE22A3400074F64 /* ViewController.swift */,
				AE6B71B11DE22A3400074F64 /* Main.storyboard */,
				AE6B71B41DE22A3400074F64 /* Assets.xcassets */,
				AE6B71B61DE22A3400074F64 /* LaunchScreen.storyboard */,
				AE6B71B91DE22A3400074F64 /* Info.plist */,
			);
			path = Intrans;
			sourceTree = "<group>";
		};
		AE6B71C11DE22A3500074F64 /* IntransTests */ = {
			isa = PBXGroup;
			children = (
				AE6B71C21DE22A3500074F64 /* IntransTests.swift */,
				AE6B71C41DE22A3500074F64 /* Info.plist */,
			);
			path = IntransTests;
			sourceTree = "<group>";
		};
		AE6B71CC1DE22A3500074F64 /* IntransUITests */ = {
			isa = PBXGroup;
			children = (
				AE6B71CD1DE22A3500074F64 /* IntransUITests.swift */,
				AE6B71CF1DE22A3500074F64 /* Info.plist */,
			);
			path = IntransUITests;
			sourceTree = "<group>";
		};
/* End PBXGroup section */

/* Begin PBXNativeTarget section */
		AE6B71A91DE22A3400074F64 /* Intrans */ = {
			isa = PBXNativeTarget;
			buildConfigurationList = AE6B71D21DE22A3500074F64 /* Build configuration list for PBXNativeTarget "Intrans" */;
			buildPhases = (
				AE6B71A61DE22A3400074F64 /* Sources */,
				AE6B71A71DE22A3400074F64 /* Frameworks */,
				AE6B71A81DE22A3400074F64 /* Resources */,
			);
			buildRules = (
			);
			dependencies = (
			);
			name = Intrans;
			productName = Intrans;
			productReference = AE6B71AA1DE22A3400074F64 /* Intrans.app */;
			productType = "com.apple.product-type.application";
		};
		AE6B71BD1DE22A3500074F64 /* IntransTests */ = {
			isa = PBXNativeTarget;
			buildConfigurationList = AE6B71D51DE22A3500074F64 /* Build configuration list for PBXNativeTarget "IntransTests" */;
			buildPhases = (
				AE6B71BA1DE22A3500074F64 /* Sources */,
				AE6B71BB1DE22A3500074F64 /* Frameworks */,
				AE6B71BC1DE22A3500074F64 /* Resources */,
			);
			buildRules = (
			);
			dependencies = (
				AE6B71C01DE22A3500074F64 /* PBXTargetDependency */,
			);
			name = IntransTests;
			productName = IntransTests;
			productReference = AE6B71BE1DE22A3500074F64 /* IntransTests.xctest */;
			productType = "com.apple.product-type.bundle.unit-test";
		};
		AE6B71C81DE22A3500074F64 /* IntransUITests */ = {
			isa = PBXNativeTarget;
			buildConfigurationList = AE6B71D81DE22A3500074F64 /* Build configuration list for PBXNativeTarget "IntransUITests" */;
			buildPhases = (
				AE6B71C51DE22A3500074F64 /* Sources */,
				AE6B71C61DE22A3500074F64 /* Frameworks */,
				AE6B71C71DE22A3500074F64 /* Resources */,
			);
			buildRules = (
			);
			dependencies = (
				AE6B71CB1DE22A3500074F64 /* PBXTargetDependency */,
			);
			name = IntransUITests;
			productName = IntransUITests;
			productReference = AE6B71C91DE22A3500074F64 /* IntransUITests.xctest */;
			productType = "com.apple.product-type.bundle.ui-testing";
		};
/* End PBXNativeTarget section */

/* Begin PBXProject section */
		AE6B71A21DE22A3400074F64 /* Project object */ = {
			isa = PBXProject;
			attributes = {
				LastSwiftUpdateCheck = 0800;
				LastUpgradeCheck = 0800;
				ORGANIZATIONNAME = "JAYA REAL PROPERTY, PT TBK";
				TargetAttributes = {
					AE6B71A91DE22A3400074F64 = {
						CreatedOnToolsVersion = 8.0;
						DevelopmentTeam = LT5EQT97YY;
						ProvisioningStyle = Automatic;
					};
					AE6B71BD1DE22A3500074F64 = {
						CreatedOnToolsVersion = 8.0;
						DevelopmentTeam = LT5EQT97YY;
						ProvisioningStyle = Automatic;
						TestTargetID = AE6B71A91DE22A3400074F64;
					};
					AE6B71C81DE22A3500074F64 = {
						CreatedOnToolsVersion = 8.0;
						DevelopmentTeam = LT5EQT97YY;
						ProvisioningStyle = Automatic;
						TestTargetID = AE6B71A91DE22A3400074F64;
					};
				};
			};
			buildConfigurationList = AE6B71A51DE22A3400074F64 /* Build configuration list for PBXProject "Intrans" */;
			compatibilityVersion = "Xcode 3.2";
			developmentRegion = English;
			hasScannedForEncodings = 0;
			knownRegions = (
				en,
				Base,
			);
			mainGroup = AE6B71A11DE22A3400074F64;
			productRefGroup = AE6B71AB1DE22A3400074F64 /* Products */;
			projectDirPath = "";
			projectRoot = "";
			targets = (
				AE6B71A91DE22A3400074F64 /* Intrans */,
				AE6B71BD1DE22A3500074F64 /* IntransTests */,
				AE6B71C81DE22A3500074F64 /* IntransUITests */,
			);
		};
/* End PBXProject section */

/* Begin PBXResourcesBuildPhase section */
		AE6B71A81DE22A3400074F64 /* Resources */ = {
			isa = PBXResourcesBuildPhase;
			buildActionMask = 2147483647;
			files = (
				AE6B71B81DE22A3400074F64 /* LaunchScreen.storyboard in Resources */,
				AE6B71B51DE22A3400074F64 /* Assets.xcassets in Resources */,
				AE6B71B31DE22A3400074F64 /* Main.storyboard in Resources */,
			);
			runOnlyForDeploymentPostprocessing = 0;
		};
		AE6B71BC1DE22A3500074F64 /* Resources */ = {
			isa = PBXResourcesBuildPhase;
			buildActionMask = 2147483647;
			files = (
			);
			runOnlyForDeploymentPostprocessing = 0;
		};
		AE6B71C71DE22A3500074F64 /* Resources */ = {
			isa = PBXResourcesBuildPhase;
			buildActionMask = 2147483647;
			files = (
			);
			runOnlyForDeploymentPostprocessing = 0;
		};
/* End PBXResourcesBuildPhase section */

/* Begin PBXSourcesBuildPhase section */
		AE6B71A61DE22A3400074F64 /* Sources */ = {
			isa = PBXSourcesBuildPhase;
			buildActionMask = 2147483647;
			files = (
				AE6B71B01DE22A3400074F64 /* ViewController.swift in Sources */,
				AE6B71AE1DE22A3400074F64 /* AppDelegate.swift in Sources */,
			);
			runOnlyForDeploymentPostprocessing = 0;
		};
		AE6B71BA1DE22A3500074F64 /* Sources */ = {
			isa = PBXSourcesBuildPhase;
			buildActionMask = 2147483647;
			files = (
				AE6B71C31DE22A3500074F64 /* IntransTests.swift in Sources */,
			);
			runOnlyForDeploymentPostprocessing = 0;
		};
		AE6B71C51DE22A3500074F64 /* Sources */ = {
			isa = PBXSourcesBuildPhase;
			buildActionMask = 2147483647;
			files = (
				AE6B71CE1DE22A3500074F64 /* IntransUITests.swift in Sources */,
			);
			runOnlyForDeploymentPostprocessing = 0;
		};
/* End PBXSourcesBuildPhase section */

/* Begin PBXTargetDependency section */
		AE6B71C01DE22A3500074F64 /* PBXTargetDependency */ = {
			isa = PBXTargetDependency;
			target = AE6B71A91DE22A3400074F64 /* Intrans */;
			targetProxy = AE6B71BF1DE22A3500074F64 /* PBXContainerItemProxy */;
		};
		AE6B71CB1DE22A3500074F64 /* PBXTargetDependency */ = {
			isa = PBXTargetDependency;
			target = AE6B71A91DE22A3400074F64 /* Intrans */;
			targetProxy = AE6B71CA1DE22A3500074F64 /* PBXContainerItemProxy */;
		};
/* End PBXTargetDependency section */

/* Begin PBXVariantGroup section */
		AE6B71B11DE22A3400074F64 /* Main.storyboard */ = {
			isa = PBXVariantGroup;
			children = (
				AE6B71B21DE22A3400074F64 /* Base */,
			);
			name = Main.storyboard;
			sourceTree = "<group>";
		};
		AE6B71B61DE22A3400074F64 /* LaunchScreen.storyboard */ = {
			isa = PBXVariantGroup;
			children = (
				AE6B71B71DE22A3400074F64 /* Base */,
			);
			name = LaunchScreen.storyboard;
			sourceTree = "<group>";
		};
/* End PBXVariantGroup section */

/* Begin XCBuildConfiguration section */
		AE6B71D01DE22A3500074F64 /* Debug */ = {
			isa = XCBuildConfiguration;
			buildSettings = {
				ALWAYS_SEARCH_USER_PATHS = NO;
				CLANG_ANALYZER_NONNULL = YES;
				CLANG_CXX_LANGUAGE_STANDARD = "gnu++0x";
				CLANG_CXX_LIBRARY = "libc++";
				CLANG_ENABLE_MODULES = YES;
				CLANG_ENABLE_OBJC_ARC = YES;
				CLANG_WARN_BOOL_CONVERSION = YES;
				CLANG_WARN_CONSTANT_CONVERSION = YES;
				CLANG_WARN_DIRECT_OBJC_ISA_USAGE = YES_ERROR;
				CLANG_WARN_DOCUMENTATION_COMMENTS = YES;
				CLANG_WARN_EMPTY_BODY = YES;
				CLANG_WARN_ENUM_CONVERSION = YES;
				CLANG_WARN_INFINITE_RECURSION = YES;
				CLANG_WARN_INT_CONVERSION = YES;
				CLANG_WARN_OBJC_ROOT_CLASS = YES_ERROR;
				CLANG_WARN_SUSPICIOUS_MOVES = YES;
				CLANG_WARN_UNREACHABLE_CODE = YES;
				CLANG_WARN__DUPLICATE_METHOD_MATCH = YES;
				"CODE_SIGN_IDENTITY[sdk=iphoneos*]" = "iPhone Developer";
				COPY_PHASE_STRIP = NO;
				DEBUG_INFORMATION_FORMAT = dwarf;
				ENABLE_STRICT_OBJC_MSGSEND = YES;
				ENABLE_TESTABILITY = YES;
				GCC_C_LANGUAGE_STANDARD = gnu99;
				GCC_DYNAMIC_NO_PIC = NO;
				GCC_NO_COMMON_BLOCKS = YES;
				GCC_OPTIMIZATION_LEVEL = 0;
				GCC_PREPROCESSOR_DEFINITIONS = (
					"DEBUG=1",
					"$(inherited)",
				);
				GCC_WARN_64_TO_32_BIT_CONVERSION = YES;
				GCC_WARN_ABOUT_RETURN_TYPE = YES_ERROR;
				GCC_WARN_UNDECLARED_SELECTOR = YES;
				GCC_WARN_UNINITIALIZED_AUTOS = YES_AGGRESSIVE;
				GCC_WARN_UNUSED_FUNCTION = YES;
				GCC_WARN_UNUSED_VARIABLE = YES;
				IPHONEOS_DEPLOYMENT_TARGET = 10.0;
				MTL_ENABLE_DEBUG_INFO = YES;
				ONLY_ACTIVE_ARCH = YES;
				SDKROOT = iphoneos;
				SWIFT_ACTIVE_COMPILATION_CONDITIONS = DEBUG;
				SWIFT_OPTIMIZATION_LEVEL = "-Onone";
				TARGETED_DEVICE_FAMILY = "1,2";
			};
			name = Debug;
		};
		AE6B71D11DE22A3500074F64 /* Release */ = {
			isa = XCBuildConfiguration;
			buildSettings = {
				ALWAYS_SEARCH_USER_PATHS = NO;
				CLANG_ANALYZER_NONNULL = YES;
				CLANG_CXX_LANGUAGE_STANDARD = "gnu++0x";
				CLANG_CXX_LIBRARY = "libc++";
				CLANG_ENABLE_MODULES = YES;
				CLANG_ENABLE_OBJC_ARC = YES;
				CLANG_WARN_BOOL_CONVERSION = YES;
				CLANG_WARN_CONSTANT_CONVERSION = YES;
				CLANG_WARN_DIRECT_OBJC_ISA_USAGE = YES_ERROR;
				CLANG_WARN_DOCUMENTATION_COMMENTS = YES;
				CLANG_WARN_EMPTY_BODY = YES;
				CLANG_WARN_ENUM_CONVERSION = YES;
				CLANG_WARN_INFINITE_RECURSION = YES;
				CLANG_WARN_INT_CONVERSION = YES;
				CLANG_WARN_OBJC_ROOT_CLASS = YES_ERROR;
				CLANG_WARN_SUSPICIOUS_MOVES = YES;
				CLANG_WARN_UNREACHABLE_CODE = YES;
				CLANG_WARN__DUPLICATE_METHOD_MATCH = YES;
				"CODE_SIGN_IDENTITY[sdk=iphoneos*]" = "iPhone Developer";
				COPY_PHASE_STRIP = NO;
				DEBUG_INFORMATION_FORMAT = "dwarf-with-dsym";
				ENABLE_NS_ASSERTIONS = NO;
				ENABLE_STRICT_OBJC_MSGSEND = YES;
				GCC_C_LANGUAGE_STANDARD = gnu99;
				GCC_NO_COMMON_BLOCKS = YES;
				GCC_WARN_64_TO_32_BIT_CONVERSION = YES;
				GCC_WARN_ABOUT_RETURN_TYPE = YES_ERROR;
				GCC_WARN_UNDECLARED_SELECTOR = YES;
				GCC_WARN_UNINITIALIZED_AUTOS = YES_AGGRESSIVE;
				GCC_WARN_UNUSED_FUNCTION = YES;
				GCC_WARN_UNUSED_VARIABLE = YES;
				IPHONEOS_DEPLOYMENT_TARGET = 10.0;
				MTL_ENABLE_DEBUG_INFO = NO;
				SDKROOT = iphoneos;
				SWIFT_OPTIMIZATION_LEVEL = "-Owholemodule";
				TARGETED_DEVICE_FAMILY = "1,2";
				VALIDATE_PRODUCT = YES;
			};
			name = Release;
		};
		AE6B71D31DE22A3500074F64 /* Debug */ = {
			isa = XCBuildConfiguration;
			buildSettings = {
				ASSETCATALOG_COMPILER_APPICON_NAME = AppIcon;
				DEVELOPMENT_TEAM = LT5EQT97YY;
				INFOPLIST_FILE = Intrans/Info.plist;
				LD_RUNPATH_SEARCH_PATHS = "$(inherited) @executable_path/Frameworks";
				PRODUCT_BUNDLE_IDENTIFIER = gus.siptracker.Intrans;
				PRODUCT_NAME = "$(TARGET_NAME)";
				SWIFT_VERSION = 3.0;
			};
			name = Debug;
		};
		AE6B71D41DE22A3500074F64 /* Release */ = {
			isa = XCBuildConfiguration;
			buildSettings = {
				ASSETCATALOG_COMPILER_APPICON_NAME = AppIcon;
				DEVELOPMENT_TEAM = LT5EQT97YY;
				INFOPLIST_FILE = Intrans/Info.plist;
				LD_RUNPATH_SEARCH_PATHS = "$(inherited) @executable_path/Frameworks";
				PRODUCT_BUNDLE_IDENTIFIER = gus.siptracker.Intrans;
				PRODUCT_NAME = "$(TARGET_NAME)";
				SWIFT_VERSION = 3.0;
			};
			name = Release;
		};
		AE6B71D61DE22A3500074F64 /* Debug */ = {
			isa = XCBuildConfiguration;
			buildSettings = {
				ALWAYS_EMBED_SWIFT_STANDARD_LIBRARIES = YES;
				BUNDLE_LOADER = "$(TEST_HOST)";
				DEVELOPMENT_TEAM = LT5EQT97YY;
				INFOPLIST_FILE = IntransTests/Info.plist;
				LD_RUNPATH_SEARCH_PATHS = "$(inherited) @executable_path/Frameworks @loader_path/Frameworks";
				PRODUCT_BUNDLE_IDENTIFIER = gus.siptracker.IntransTests;
				PRODUCT_NAME = "$(TARGET_NAME)";
				SWIFT_VERSION = 3.0;
				TEST_HOST = "$(BUILT_PRODUCTS_DIR)/Intrans.app/Intrans";
			};
			name = Debug;
		};
		AE6B71D71DE22A3500074F64 /* Release */ = {
			isa = XCBuildConfiguration;
			buildSettings = {
				ALWAYS_EMBED_SWIFT_STANDARD_LIBRARIES = YES;
				BUNDLE_LOADER = "$(TEST_HOST)";
				DEVELOPMENT_TEAM = LT5EQT97YY;
				INFOPLIST_FILE = IntransTests/Info.plist;
				LD_RUNPATH_SEARCH_PATHS = "$(inherited) @executable_path/Frameworks @loader_path/Frameworks";
				PRODUCT_BUNDLE_IDENTIFIER = gus.siptracker.IntransTests;
				PRODUCT_NAME = "$(TARGET_NAME)";
				SWIFT_VERSION = 3.0;
				TEST_HOST = "$(BUILT_PRODUCTS_DIR)/Intrans.app/Intrans";
			};
			name = Release;
		};
		AE6B71D91DE22A3500074F64 /* Debug */ = {
			isa = XCBuildConfiguration;
			buildSettings = {
				ALWAYS_EMBED_SWIFT_STANDARD_LIBRARIES = YES;
				DEVELOPMENT_TEAM = LT5EQT97YY;
				INFOPLIST_FILE = IntransUITests/Info.plist;
				LD_RUNPATH_SEARCH_PATHS = "$(inherited) @executable_path/Frameworks @loader_path/Frameworks";
				PRODUCT_BUNDLE_IDENTIFIER = gus.siptracker.IntransUITests;
				PRODUCT_NAME = "$(TARGET_NAME)";
				SWIFT_VERSION = 3.0;
				TEST_TARGET_NAME = Intrans;
			};
			name = Debug;
		};
		AE6B71DA1DE22A3500074F64 /* Release */ = {
			isa = XCBuildConfiguration;
			buildSettings = {
				ALWAYS_EMBED_SWIFT_STANDARD_LIBRARIES = YES;
				DEVELOPMENT_TEAM = LT5EQT97YY;
				INFOPLIST_FILE = IntransUITests/Info.plist;
				LD_RUNPATH_SEARCH_PATHS = "$(inherited) @executable_path/Frameworks @loader_path/Frameworks";
				PRODUCT_BUNDLE_IDENTIFIER = gus.siptracker.IntransUITests;
				PRODUCT_NAME = "$(TARGET_NAME)";
				SWIFT_VERSION = 3.0;
				TEST_TARGET_NAME = Intrans;
			};
			name = Release;
		};
/* End XCBuildConfiguration section */

/* Begin XCConfigurationList section */
		AE6B71A51DE22A3400074F64 /* Build configuration list for PBXProject "Intrans" */ = {
			isa = XCConfigurationList;
			buildConfigurations = (
				AE6B71D01DE22A3500074F64 /* Debug */,
				AE6B71D11DE22A3500074F64 /* Release */,
			);
			defaultConfigurationIsVisible = 0;
			defaultConfigurationName = Release;
		};
		AE6B71D21DE22A3500074F64 /* Build configuration list for PBXNativeTarget "Intrans" */ = {
			isa = XCConfigurationList;
			buildConfigurations = (
				AE6B71D31DE22A3500074F64 /* Debug */,
				AE6B71D41DE22A3500074F64 /* Release */,
			);
			defaultConfigurationIsVisible = 0;
		};
		AE6B71D51DE22A3500074F64 /* Build configuration list for PBXNativeTarget "IntransTests" */ = {
			isa = XCConfigurationList;
			buildConfigurations = (
				AE6B71D61DE22A3500074F64 /* Debug */,
				AE6B71D71DE22A3500074F64 /* Release */,
			);
			defaultConfigurationIsVisible = 0;
		};
		AE6B71D81DE22A3500074F64 /* Build configuration list for PBXNativeTarget "IntransUITests" */ = {
			isa = XCConfigurationList;
			buildConfigurations = (
				AE6B71D91DE22A3500074F64 /* Debug */,
				AE6B71DA1DE22A3500074F64 /* Release */,
			);
			defaultConfigurationIsVisible = 0;
		};
/* End XCConfigurationList section */
	};
	rootObject = AE6B71A21DE22A3400074F64 /* Project object */;
}
